
Microsoft Visual Studio Solution File, Format Version 12.00
# Visual Studio 15
VisualStudioVersion = 15.0.27703.2026
MinimumVisualStudioVersion = 10.0.40219.1
Project("{FAE04EC0-301F-11D3-BF4B-00C04F79EFBC}") = "Shopping.WebApp", "Shopping.WebApp\Shopping.WebApp.csproj", "{64E9DFD1-7A24-4808-8AE1-8056148FA1B1}"
EndProject
Global
	GlobalSection(SolutionConfigurationPlatforms) = preSolution
		Debug|Any CPU = Debug|Any CPU
		Release|Any CPU = Release|Any CPU
	EndGlobalSection
	GlobalSection(ProjectConfigurationPlatforms) = postSolution
		{64E9DFD1-7A24-4808-8AE1-8056148FA1B1}.Debug|Any CPU.ActiveCfg = Debug|Any CPU
		{64E9DFD1-7A24-4808-8AE1-8056148FA1B1}.Debug|Any CPU.Build.0 = Debug|Any CPU
		{64E9DFD1-7A24-4808-8AE1-8056148FA1B1}.Release|Any CPU.ActiveCfg = Release|Any CPU
		{64E9DFD1-7A24-4808-8AE1-8056148FA1B1}.Release|Any CPU.Build.0 = Release|Any CPU
	EndGlobalSection
	GlobalSection(SolutionProperties) = preSolution
		HideSolutionNode = FALSE
	EndGlobalSection
	GlobalSection(ExtensibilityGlobals) = postSolution
		SolutionGuid = {6A05F1DA-4CE3-4174-B154-E780BA741F51}
	EndGlobalSection
EndGlobal
